
Microsoft Visual Studio Solution File, Format Version 12.00
# Visual Studio Version 17
VisualStudioVersion = 17.10.35027.167
MinimumVisualStudioVersion = 10.0.40219.1
Project("{9A19103F-16F7-4668-BE54-9A1E7A4F7556}") = "EmployeeManagement.Models", "EmployeeManagement.Models\EmployeeManagement.Models.csproj", "{7876F344-3CCD-4CD6-ADB6-80DEA04124E1}"
EndProject
Project("{9A19103F-16F7-4668-BE54-9A1E7A4F7556}") = "EmployeeManagement.Web", "EmployeeManagement.Web\EmployeeManagement.Web.csproj", "{23549913-EDB1-46DC-B82A-60FC809A844B}"
EndProject
Project("{9A19103F-16F7-4668-BE54-9A1E7A4F7556}") = "EmployeeManangement.API", "EmployeeManangement.API\EmployeeManangement.API.csproj", "{A16AE01A-E8E3-4618-A391-45C188A42E69}"
EndProject
Global
	GlobalSection(SolutionConfigurationPlatforms) = preSolution
		Debug|Any CPU = Debug|Any CPU
		Release|Any CPU = Release|Any CPU
	EndGlobalSection
	GlobalSection(ProjectConfigurationPlatforms) = postSolution
		{7876F344-3CCD-4CD6-ADB6-80DEA04124E1}.Debug|Any CPU.ActiveCfg = Debug|Any CPU
		{7876F344-3CCD-4CD6-ADB6-80DEA04124E1}.Debug|Any CPU.Build.0 = Debug|Any CPU
		{7876F344-3CCD-4CD6-ADB6-80DEA04124E1}.Release|Any CPU.ActiveCfg = Release|Any CPU
		{7876F344-3CCD-4CD6-ADB6-80DEA04124E1}.Release|Any CPU.Build.0 = Release|Any CPU
		{23549913-EDB1-46DC-B82A-60FC809A844B}.Debug|Any CPU.ActiveCfg = Debug|Any CPU
		{23549913-EDB1-46DC-B82A-60FC809A844B}.Debug|Any CPU.Build.0 = Debug|Any CPU
		{23549913-EDB1-46DC-B82A-60FC809A844B}.Release|Any CPU.ActiveCfg = Release|Any CPU
		{23549913-EDB1-46DC-B82A-60FC809A844B}.Release|Any CPU.Build.0 = Release|Any CPU
		{A16AE01A-E8E3-4618-A391-45C188A42E69}.Debug|Any CPU.ActiveCfg = Debug|Any CPU
		{A16AE01A-E8E3-4618-A391-45C188A42E69}.Debug|Any CPU.Build.0 = Debug|Any CPU
		{A16AE01A-E8E3-4618-A391-45C188A42E69}.Release|Any CPU.ActiveCfg = Release|Any CPU
		{A16AE01A-E8E3-4618-A391-45C188A42E69}.Release|Any CPU.Build.0 = Release|Any CPU
	EndGlobalSection
	GlobalSection(SolutionProperties) = preSolution
		HideSolutionNode = FALSE
	EndGlobalSection
	GlobalSection(ExtensibilityGlobals) = postSolution
		SolutionGuid = {0349FC4F-96B2-463F-A21C-624BC975AF27}
	EndGlobalSection
EndGlobal
